{
  "name": "simingf.github.io",
  "lockfileVersion": 2,
  "requires": true,
  "packages": {
    "": {
      "dependencies": {
        "latex.css": "^1.7.1"
      }
    },
    "node_modules/latex.css": {
      "version": "1.7.1",
      "resolved": "https://registry.npmjs.org/latex.css/-/latex.css-1.7.1.tgz",
      "integrity": "sha512-BsWhOi0q0IQk2PbuAjWtiKw6YxnYoTNhzRQDTJj4Q08+qUDfU+HeDJIo3aidlLYR+bzbazhjGVOZ3HYHrvX8jw=="
    }
  },
  "dependencies": {
    "latex.css": {
      "version": "1.7.1",
      "resolved": "https://registry.npmjs.org/latex.css/-/latex.css-1.7.1.tgz",
      "integrity": "sha512-BsWhOi0q0IQk2PbuAjWtiKw6YxnYoTNhzRQDTJj4Q08+qUDfU+HeDJIo3aidlLYR+bzbazhjGVOZ3HYHrvX8jw=="
    }
  }
}
